
Microsoft Visual Studio Solution File, Format Version 12.00
# Visual Studio Version 16
VisualStudioVersion = 16.0.31729.503
MinimumVisualStudioVersion = 10.0.40219.1
Project("{FAE04EC0-301F-11D3-BF4B-00C04F79EFBC}") = "Vilau_Paula_Lab10.Android", "Vilau_Paula_Lab10.Android\Vilau_Paula_Lab10.Android.csproj", "{1CDC3785-44A5-49F0-BBED-EDF6520E9474}"
EndProject
Project("{FAE04EC0-301F-11D3-BF4B-00C04F79EFBC}") = "Vilau_Paula_Lab10.iOS", "Vilau_Paula_Lab10.iOS\Vilau_Paula_Lab10.iOS.csproj", "{6DD38EEB-1E60-48D4-AA79-D145BCC393FD}"
EndProject
Project("{FAE04EC0-301F-11D3-BF4B-00C04F79EFBC}") = "Vilau_Paula_Lab10", "Vilau_Paula_Lab10\Vilau_Paula_Lab10.csproj", "{4778EA5A-EBFC-4C19-9274-1E29C24C347F}"
EndProject
Global
	GlobalSection(SolutionConfigurationPlatforms) = preSolution
		Debug|Any CPU = Debug|Any CPU
		Debug|iPhone = Debug|iPhone
		Debug|iPhoneSimulator = Debug|iPhoneSimulator
		Release|Any CPU = Release|Any CPU
		Release|iPhone = Release|iPhone
		Release|iPhoneSimulator = Release|iPhoneSimulator
	EndGlobalSection
	GlobalSection(ProjectConfigurationPlatforms) = postSolution
		{1CDC3785-44A5-49F0-BBED-EDF6520E9474}.Debug|Any CPU.ActiveCfg = Debug|Any CPU
		{1CDC3785-44A5-49F0-BBED-EDF6520E9474}.Debug|Any CPU.Build.0 = Debug|Any CPU
		{1CDC3785-44A5-49F0-BBED-EDF6520E9474}.Debug|Any CPU.Deploy.0 = Debug|Any CPU
		{1CDC3785-44A5-49F0-BBED-EDF6520E9474}.Debug|iPhone.ActiveCfg = Debug|Any CPU
		{1CDC3785-44A5-49F0-BBED-EDF6520E9474}.Debug|iPhone.Build.0 = Debug|Any CPU
		{1CDC3785-44A5-49F0-BBED-EDF6520E9474}.Debug|iPhone.Deploy.0 = Debug|Any CPU
		{1CDC3785-44A5-49F0-BBED-EDF6520E9474}.Debug|iPhoneSimulator.ActiveCfg = Debug|Any CPU
		{1CDC3785-44A5-49F0-BBED-EDF6520E9474}.Debug|iPhoneSimulator.Build.0 = Debug|Any CPU
		{1CDC3785-44A5-49F0-BBED-EDF6520E9474}.Debug|iPhoneSimulator.Deploy.0 = Debug|Any CPU
		{1CDC3785-44A5-49F0-BBED-EDF6520E9474}.Release|Any CPU.ActiveCfg = Release|Any CPU
		{1CDC3785-44A5-49F0-BBED-EDF6520E9474}.Release|Any CPU.Build.0 = Release|Any CPU
		{1CDC3785-44A5-49F0-BBED-EDF6520E9474}.Release|Any CPU.Deploy.0 = Release|Any CPU
		{1CDC3785-44A5-49F0-BBED-EDF6520E9474}.Release|iPhone.ActiveCfg = Release|Any CPU
		{1CDC3785-44A5-49F0-BBED-EDF6520E9474}.Release|iPhone.Build.0 = Release|Any CPU
		{1CDC3785-44A5-49F0-BBED-EDF6520E9474}.Release|iPhone.Deploy.0 = Release|Any CPU
		{1CDC3785-44A5-49F0-BBED-EDF6520E9474}.Release|iPhoneSimulator.ActiveCfg = Release|Any CPU
		{1CDC3785-44A5-49F0-BBED-EDF6520E9474}.Release|iPhoneSimulator.Build.0 = Release|Any CPU
		{1CDC3785-44A5-49F0-BBED-EDF6520E9474}.Release|iPhoneSimulator.Deploy.0 = Release|Any CPU
		{6DD38EEB-1E60-48D4-AA79-D145BCC393FD}.Debug|Any CPU.ActiveCfg = Debug|iPhone
		{6DD38EEB-1E60-48D4-AA79-D145BCC393FD}.Debug|Any CPU.Build.0 = Debug|iPhone
		{6DD38EEB-1E60-48D4-AA79-D145BCC393FD}.Debug|Any CPU.Deploy.0 = Debug|iPhone
		{6DD38EEB-1E60-48D4-AA79-D145BCC393FD}.Debug|iPhone.ActiveCfg = Debug|iPhone
		{6DD38EEB-1E60-48D4-AA79-D145BCC393FD}.Debug|iPhone.Build.0 = Debug|iPhone
		{6DD38EEB-1E60-48D4-AA79-D145BCC393FD}.Debug|iPhone.Deploy.0 = Debug|iPhone
		{6DD38EEB-1E60-48D4-AA79-D145BCC393FD}.Debug|iPhoneSimulator.ActiveCfg = Debug|iPhoneSimulator
		{6DD38EEB-1E60-48D4-AA79-D145BCC393FD}.Debug|iPhoneSimulator.Build.0 = Debug|iPhoneSimulator
		{6DD38EEB-1E60-48D4-AA79-D145BCC393FD}.Debug|iPhoneSimulator.Deploy.0 = Debug|iPhoneSimulator
		{6DD38EEB-1E60-48D4-AA79-D145BCC393FD}.Release|Any CPU.ActiveCfg = Release|iPhoneSimulator
		{6DD38EEB-1E60-48D4-AA79-D145BCC393FD}.Release|Any CPU.Build.0 = Release|iPhoneSimulator
		{6DD38EEB-1E60-48D4-AA79-D145BCC393FD}.Release|Any CPU.Deploy.0 = Release|iPhoneSimulator
		{6DD38EEB-1E60-48D4-AA79-D145BCC393FD}.Release|iPhone.ActiveCfg = Release|iPhone
		{6DD38EEB-1E60-48D4-AA79-D145BCC393FD}.Release|iPhone.Build.0 = Release|iPhone
		{6DD38EEB-1E60-48D4-AA79-D145BCC393FD}.Release|iPhone.Deploy.0 = Release|iPhone
		{6DD38EEB-1E60-48D4-AA79-D145BCC393FD}.Release|iPhoneSimulator.ActiveCfg = Release|iPhoneSimulator
		{6DD38EEB-1E60-48D4-AA79-D145BCC393FD}.Release|iPhoneSimulator.Build.0 = Release|iPhoneSimulator
		{6DD38EEB-1E60-48D4-AA79-D145BCC393FD}.Release|iPhoneSimulator.Deploy.0 = Release|iPhoneSimulator
		{4778EA5A-EBFC-4C19-9274-1E29C24C347F}.Debug|Any CPU.ActiveCfg = Debug|Any CPU
		{4778EA5A-EBFC-4C19-9274-1E29C24C347F}.Debug|Any CPU.Build.0 = Debug|Any CPU
		{4778EA5A-EBFC-4C19-9274-1E29C24C347F}.Debug|Any CPU.Deploy.0 = Debug|Any CPU
		{4778EA5A-EBFC-4C19-9274-1E29C24C347F}.Debug|iPhone.ActiveCfg = Debug|Any CPU
		{4778EA5A-EBFC-4C19-9274-1E29C24C347F}.Debug|iPhone.Build.0 = Debug|Any CPU
		{4778EA5A-EBFC-4C19-9274-1E29C24C347F}.Debug|iPhone.Deploy.0 = Debug|Any CPU
		{4778EA5A-EBFC-4C19-9274-1E29C24C347F}.Debug|iPhoneSimulator.ActiveCfg = Debug|Any CPU
		{4778EA5A-EBFC-4C19-9274-1E29C24C347F}.Debug|iPhoneSimulator.Build.0 = Debug|Any CPU
		{4778EA5A-EBFC-4C19-9274-1E29C24C347F}.Debug|iPhoneSimulator.Deploy.0 = Debug|Any CPU
		{4778EA5A-EBFC-4C19-9274-1E29C24C347F}.Release|Any CPU.ActiveCfg = Release|Any CPU
		{4778EA5A-EBFC-4C19-9274-1E29C24C347F}.Release|Any CPU.Build.0 = Release|Any CPU
		{4778EA5A-EBFC-4C19-9274-1E29C24C347F}.Release|Any CPU.Deploy.0 = Release|Any CPU
		{4778EA5A-EBFC-4C19-9274-1E29C24C347F}.Release|iPhone.ActiveCfg = Release|Any CPU
		{4778EA5A-EBFC-4C19-9274-1E29C24C347F}.Release|iPhone.Build.0 = Release|Any CPU
		{4778EA5A-EBFC-4C19-9274-1E29C24C347F}.Release|iPhone.Deploy.0 = Release|Any CPU
		{4778EA5A-EBFC-4C19-9274-1E29C24C347F}.Release|iPhoneSimulator.ActiveCfg = Release|Any CPU
		{4778EA5A-EBFC-4C19-9274-1E29C24C347F}.Release|iPhoneSimulator.Build.0 = Release|Any CPU
		{4778EA5A-EBFC-4C19-9274-1E29C24C347F}.Release|iPhoneSimulator.Deploy.0 = Release|Any CPU
	EndGlobalSection
	GlobalSection(SolutionProperties) = preSolution
		HideSolutionNode = FALSE
	EndGlobalSection
	GlobalSection(ExtensibilityGlobals) = postSolution
		SolutionGuid = {362434C6-A105-4A90-B951-9AF42E0DE5D6}
	EndGlobalSection
EndGlobal
